// !$*UTF8*$!
{
	archiveVersion = 1;
	classes = {
	};
	objectVersion = 50;
	objects = {

/* Begin PBXBuildFile section */
		2E6A3D31255E91F400E5CE5D /* SideNavigationView.swift in Sources */ = {isa = PBXBuildFile; fileRef = 2E6A3D30255E91F400E5CE5D /* SideNavigationView.swift */; };
		2E6A3D32255E91F400E5CE5D /* SideNavigationView.swift in Sources */ = {isa = PBXBuildFile; fileRef = 2E6A3D30255E91F400E5CE5D /* SideNavigationView.swift */; };
		2E6A3D38255EB3AF00E5CE5D /* NavigationCategory.swift in Sources */ = {isa = PBXBuildFile; fileRef = 2E6A3D37255EB3AF00E5CE5D /* NavigationCategory.swift */; };
		2E6A3D39255EB3AF00E5CE5D /* NavigationCategory.swift in Sources */ = {isa = PBXBuildFile; fileRef = 2E6A3D37255EB3AF00E5CE5D /* NavigationCategory.swift */; };
		2E6A3D3F255EB8D600E5CE5D /* ContactAddView.swift in Sources */ = {isa = PBXBuildFile; fileRef = 2E6A3D3E255EB8D600E5CE5D /* ContactAddView.swift */; };
		2E6A3D40255EB8D600E5CE5D /* ContactAddView.swift in Sources */ = {isa = PBXBuildFile; fileRef = 2E6A3D3E255EB8D600E5CE5D /* ContactAddView.swift */; };
		2E6A3D57255EB9BD00E5CE5D /* ContactsDetailsWindow.swift in Sources */ = {isa = PBXBuildFile; fileRef = 2E6A3D56255EB9BD00E5CE5D /* ContactsDetailsWindow.swift */; };
		2E6A3D58255EB9BD00E5CE5D /* ContactsDetailsWindow.swift in Sources */ = {isa = PBXBuildFile; fileRef = 2E6A3D56255EB9BD00E5CE5D /* ContactsDetailsWindow.swift */; };
		2E6A3D84255EBB2900E5CE5D /* ContactsView.swift in Sources */ = {isa = PBXBuildFile; fileRef = 2E6A3D83255EBB2900E5CE5D /* ContactsView.swift */; };
		2E6A3D85255EBB2900E5CE5D /* ContactsView.swift in Sources */ = {isa = PBXBuildFile; fileRef = 2E6A3D83255EBB2900E5CE5D /* ContactsView.swift */; };
		2E6A3D8F255EBB5000E5CE5D /* ContactEmpty.swift in Sources */ = {isa = PBXBuildFile; fileRef = 2E6A3D8E255EBB5000E5CE5D /* ContactEmpty.swift */; };
		2E6A3D90255EBB5000E5CE5D /* ContactEmpty.swift in Sources */ = {isa = PBXBuildFile; fileRef = 2E6A3D8E255EBB5000E5CE5D /* ContactEmpty.swift */; };
		2E6A3D96255EBB8800E5CE5D /* ContactDetailView.swift in Sources */ = {isa = PBXBuildFile; fileRef = 2E6A3D95255EBB8800E5CE5D /* ContactDetailView.swift */; };
		2E6A3D97255EBB8800E5CE5D /* ContactDetailView.swift in Sources */ = {isa = PBXBuildFile; fileRef = 2E6A3D95255EBB8800E5CE5D /* ContactDetailView.swift */; };
		2E6A3DA1255EC0C800E5CE5D /* ContactVerticalListView.swift in Sources */ = {isa = PBXBuildFile; fileRef = 2E6A3DA0255EC0C800E5CE5D /* ContactVerticalListView.swift */; };
		2E6A3DA2255EC0C800E5CE5D /* ContactVerticalListView.swift in Sources */ = {isa = PBXBuildFile; fileRef = 2E6A3DA0255EC0C800E5CE5D /* ContactVerticalListView.swift */; };
		2EA83C59255B609C004A9852 /* CommandLineView.swift in Sources */ = {isa = PBXBuildFile; fileRef = 2EA83C58255B609C004A9852 /* CommandLineView.swift */; };
		2EA83C5E255B609F004A9852 /* CommandLineView.swift in Sources */ = {isa = PBXBuildFile; fileRef = 2EA83C58255B609C004A9852 /* CommandLineView.swift */; };
		2EEA70DF255E7F98000C5E75 /* ChimpTextFieldView.swift in Sources */ = {isa = PBXBuildFile; fileRef = 2EEA70DE255E7F98000C5E75 /* ChimpTextFieldView.swift */; };
		2EEA70E0255E7F98000C5E75 /* ChimpTextFieldView.swift in Sources */ = {isa = PBXBuildFile; fileRef = 2EEA70DE255E7F98000C5E75 /* ChimpTextFieldView.swift */; };
		5000EA2A254454750023A545 /* LoadingView.swift in Sources */ = {isa = PBXBuildFile; fileRef = 5000EA29254454750023A545 /* LoadingView.swift */; };
		5000EA2B254454750023A545 /* LoadingView.swift in Sources */ = {isa = PBXBuildFile; fileRef = 5000EA29254454750023A545 /* LoadingView.swift */; };
		500E2FDC253F6A7A005B347D /* AuthErrors.swift in Sources */ = {isa = PBXBuildFile; fileRef = 500E2FDB253F6A7A005B347D /* AuthErrors.swift */; };
		500E2FE1253F7161005B347D /* AuthErrors.swift in Sources */ = {isa = PBXBuildFile; fileRef = 500E2FDB253F6A7A005B347D /* AuthErrors.swift */; };
		50327F2A2568093200B583F4 /* ChimpPrimaryButton.swift in Sources */ = {isa = PBXBuildFile; fileRef = 50327F292568093200B583F4 /* ChimpPrimaryButton.swift */; };
		50327F2B2568093200B583F4 /* ChimpPrimaryButton.swift in Sources */ = {isa = PBXBuildFile; fileRef = 50327F292568093200B583F4 /* ChimpPrimaryButton.swift */; };
		50327F322568176200B583F4 /* ChimpColors.swift in Sources */ = {isa = PBXBuildFile; fileRef = 50327F312568176200B583F4 /* ChimpColors.swift */; };
		50327F332568176200B583F4 /* ChimpColors.swift in Sources */ = {isa = PBXBuildFile; fileRef = 50327F312568176200B583F4 /* ChimpColors.swift */; };
		5044E96725431EC50041E01B /* ChimpDatePicker.swift in Sources */ = {isa = PBXBuildFile; fileRef = 5044E96625431EC50041E01B /* ChimpDatePicker.swift */; };
		5044E96825431EC50041E01B /* ChimpDatePicker.swift in Sources */ = {isa = PBXBuildFile; fileRef = 5044E96625431EC50041E01B /* ChimpDatePicker.swift */; };
		504AD45725442C0A001BCEEB /* CoreDataManager.swift in Sources */ = {isa = PBXBuildFile; fileRef = 504AD45625442C0A001BCEEB /* CoreDataManager.swift */; };
		504AD45825442C0A001BCEEB /* CoreDataManager.swift in Sources */ = {isa = PBXBuildFile; fileRef = 504AD45625442C0A001BCEEB /* CoreDataManager.swift */; };
		504C5D9725459959003BDFA1 /* RequestMaker.swift in Sources */ = {isa = PBXBuildFile; fileRef = 504C5D9625459959003BDFA1 /* RequestMaker.swift */; };
		504C5D9825459959003BDFA1 /* RequestMaker.swift in Sources */ = {isa = PBXBuildFile; fileRef = 504C5D9625459959003BDFA1 /* RequestMaker.swift */; };
		5090A52A253CB8F500A211EE /* Auth.swift in Sources */ = {isa = PBXBuildFile; fileRef = 5090A529253CB8F500A211EE /* Auth.swift */; };
		5090A52B253CB8F500A211EE /* Auth.swift in Sources */ = {isa = PBXBuildFile; fileRef = 5090A529253CB8F500A211EE /* Auth.swift */; };
		5090A53E253CBCFC00A211EE /* AuthService.swift in Sources */ = {isa = PBXBuildFile; fileRef = 5090A53D253CBCFC00A211EE /* AuthService.swift */; };
		5090A53F253CBCFC00A211EE /* AuthService.swift in Sources */ = {isa = PBXBuildFile; fileRef = 5090A53D253CBCFC00A211EE /* AuthService.swift */; };
		5090A549253CD0E900A211EE /* AuthRequest.swift in Sources */ = {isa = PBXBuildFile; fileRef = 5090A548253CD0E900A211EE /* AuthRequest.swift */; };
		5090A54A253CD0E900A211EE /* AuthRequest.swift in Sources */ = {isa = PBXBuildFile; fileRef = 5090A548253CD0E900A211EE /* AuthRequest.swift */; };
		509B6EEB253F8253002D165F /* AuthOptions.swift in Sources */ = {isa = PBXBuildFile; fileRef = 509B6EEA253F8253002D165F /* AuthOptions.swift */; };
		509B6EEC253F8253002D165F /* AuthOptions.swift in Sources */ = {isa = PBXBuildFile; fileRef = 509B6EEA253F8253002D165F /* AuthOptions.swift */; };
		509B6F4D2540B68E002D165F /* ContactService.swift in Sources */ = {isa = PBXBuildFile; fileRef = 509B6F4C2540B68E002D165F /* ContactService.swift */; };
		509B6F4E2540B68E002D165F /* ContactService.swift in Sources */ = {isa = PBXBuildFile; fileRef = 509B6F4C2540B68E002D165F /* ContactService.swift */; };
		509B6F582540B6A4002D165F /* ContactRequest.swift in Sources */ = {isa = PBXBuildFile; fileRef = 509B6F572540B6A4002D165F /* ContactRequest.swift */; };
		509B6F592540B6A4002D165F /* ContactRequest.swift in Sources */ = {isa = PBXBuildFile; fileRef = 509B6F572540B6A4002D165F /* ContactRequest.swift */; };
		509B6F632540B6C4002D165F /* ContactOptions.swift in Sources */ = {isa = PBXBuildFile; fileRef = 509B6F622540B6C4002D165F /* ContactOptions.swift */; };
		509B6F642540B6C4002D165F /* ContactOptions.swift in Sources */ = {isa = PBXBuildFile; fileRef = 509B6F622540B6C4002D165F /* ContactOptions.swift */; };
		509B6F6E2540BEDC002D165F /* ContactErrors.swift in Sources */ = {isa = PBXBuildFile; fileRef = 509B6F6D2540BEDC002D165F /* ContactErrors.swift */; };
		509B6F6F2540BEDC002D165F /* ContactErrors.swift in Sources */ = {isa = PBXBuildFile; fileRef = 509B6F6D2540BEDC002D165F /* ContactErrors.swift */; };
		509B6F772540C0A9002D165F /* AccessTokenErrors.swift in Sources */ = {isa = PBXBuildFile; fileRef = 509B6F762540C0A9002D165F /* AccessTokenErrors.swift */; };
		509B6F782540C0A9002D165F /* AccessTokenErrors.swift in Sources */ = {isa = PBXBuildFile; fileRef = 509B6F762540C0A9002D165F /* AccessTokenErrors.swift */; };
		B5974BD225AFB14A00D80401 /* AccessToken.swift in Sources */ = {isa = PBXBuildFile; fileRef = B5974BD125AFB14A00D80401 /* AccessToken.swift */; };
		B5974BD325AFB14A00D80401 /* AccessToken.swift in Sources */ = {isa = PBXBuildFile; fileRef = B5974BD125AFB14A00D80401 /* AccessToken.swift */; };
		B5974BD825AFB5F400D80401 /* AccessTokenRequest.swift in Sources */ = {isa = PBXBuildFile; fileRef = B5974BD725AFB5F400D80401 /* AccessTokenRequest.swift */; };
		B5974BD925AFB5F400D80401 /* AccessTokenRequest.swift in Sources */ = {isa = PBXBuildFile; fileRef = B5974BD725AFB5F400D80401 /* AccessTokenRequest.swift */; };
		B5974BDE25AFB76F00D80401 /* AccessTokenService.swift in Sources */ = {isa = PBXBuildFile; fileRef = B5974BDD25AFB76F00D80401 /* AccessTokenService.swift */; };
		B5974BDF25AFB76F00D80401 /* AccessTokenService.swift in Sources */ = {isa = PBXBuildFile; fileRef = B5974BDD25AFB76F00D80401 /* AccessTokenService.swift */; };
		B5CDC42B25AF9AB900F2D503 /* AuthHelper.swift in Sources */ = {isa = PBXBuildFile; fileRef = B5CDC42A25AF9AB900F2D503 /* AuthHelper.swift */; };
		B5CDC42C25AF9AB900F2D503 /* AuthHelper.swift in Sources */ = {isa = PBXBuildFile; fileRef = B5CDC42A25AF9AB900F2D503 /* AuthHelper.swift */; };
		E31970DF259A452300E61794 /* Project.swift in Sources */ = {isa = PBXBuildFile; fileRef = E31970DE259A452300E61794 /* Project.swift */; };
		E31970E0259A452300E61794 /* Project.swift in Sources */ = {isa = PBXBuildFile; fileRef = E31970DE259A452300E61794 /* Project.swift */; };
		E31970E5259A46B900E61794 /* ProjectListItem.swift in Sources */ = {isa = PBXBuildFile; fileRef = E31970E4259A46B900E61794 /* ProjectListItem.swift */; };
		E31970E6259A46B900E61794 /* ProjectListItem.swift in Sources */ = {isa = PBXBuildFile; fileRef = E31970E4259A46B900E61794 /* ProjectListItem.swift */; };
		E32CC70F257D30F70040E43B /* Info.plist in Resources */ = {isa = PBXBuildFile; fileRef = E32CC70E257D30F70040E43B /* Info.plist */; };
		E32F01CF257C14540069DB4D /* ContactTagView.swift in Sources */ = {isa = PBXBuildFile; fileRef = E32F01CE257C14540069DB4D /* ContactTagView.swift */; };
		E32F01D0257C14540069DB4D /* ContactTagView.swift in Sources */ = {isa = PBXBuildFile; fileRef = E32F01CE257C14540069DB4D /* ContactTagView.swift */; };
		E32F01E1257C19D70069DB4D /* CommandLineRowView.swift in Sources */ = {isa = PBXBuildFile; fileRef = E32F01E0257C19D70069DB4D /* CommandLineRowView.swift */; };
		E32F01E2257C19D70069DB4D /* CommandLineRowView.swift in Sources */ = {isa = PBXBuildFile; fileRef = E32F01E0257C19D70069DB4D /* CommandLineRowView.swift */; };
		E32F01F3257C1D220069DB4D /* SideNavigationRow.swift in Sources */ = {isa = PBXBuildFile; fileRef = E32F01F2257C1D220069DB4D /* SideNavigationRow.swift */; };
		E32F01F4257C1D220069DB4D /* SideNavigationRow.swift in Sources */ = {isa = PBXBuildFile; fileRef = E32F01F2257C1D220069DB4D /* SideNavigationRow.swift */; };
		E33B4DB9257DF56A000FCE79 /* CoreDataContactsServices.swift in Sources */ = {isa = PBXBuildFile; fileRef = E33B4DB8257DF56A000FCE79 /* CoreDataContactsServices.swift */; };
		E33B4DBA257DF56B000FCE79 /* CoreDataContactsServices.swift in Sources */ = {isa = PBXBuildFile; fileRef = E33B4DB8257DF56A000FCE79 /* CoreDataContactsServices.swift */; };
		E33B4DC2257DFDB1000FCE79 /* CoreDataErrros.swift in Sources */ = {isa = PBXBuildFile; fileRef = E33B4DC1257DFDB1000FCE79 /* CoreDataErrros.swift */; };
		E33B4DC3257DFDB1000FCE79 /* CoreDataErrros.swift in Sources */ = {isa = PBXBuildFile; fileRef = E33B4DC1257DFDB1000FCE79 /* CoreDataErrros.swift */; };
		E35206EC2599D5DF006D50E8 /* ProjectsView.swift in Sources */ = {isa = PBXBuildFile; fileRef = E35206EB2599D5DF006D50E8 /* ProjectsView.swift */; };
		E35206ED2599D5DF006D50E8 /* ProjectsView.swift in Sources */ = {isa = PBXBuildFile; fileRef = E35206EB2599D5DF006D50E8 /* ProjectsView.swift */; };
		E35206F22599D945006D50E8 /* ProjectListView.swift in Sources */ = {isa = PBXBuildFile; fileRef = E35206F12599D945006D50E8 /* ProjectListView.swift */; };
		E35206F32599D945006D50E8 /* ProjectListView.swift in Sources */ = {isa = PBXBuildFile; fileRef = E35206F12599D945006D50E8 /* ProjectListView.swift */; };
		E35207042599DAFE006D50E8 /* ProjectsState.swift in Sources */ = {isa = PBXBuildFile; fileRef = E35207032599DAFE006D50E8 /* ProjectsState.swift */; };
		E35207052599DAFE006D50E8 /* ProjectsState.swift in Sources */ = {isa = PBXBuildFile; fileRef = E35207032599DAFE006D50E8 /* ProjectsState.swift */; };
		E352070D2599DD6D006D50E8 /* ProjectDetailView.swift in Sources */ = {isa = PBXBuildFile; fileRef = E352070C2599DD6D006D50E8 /* ProjectDetailView.swift */; };
		E352070E2599DD6D006D50E8 /* ProjectDetailView.swift in Sources */ = {isa = PBXBuildFile; fileRef = E352070C2599DD6D006D50E8 /* ProjectDetailView.swift */; };
		E360BAEE256528CE0019C0A6 /* ContactsStateTests.swift in Sources */ = {isa = PBXBuildFile; fileRef = E360BAED256528CE0019C0A6 /* ContactsStateTests.swift */; };
		E36BCF0C257DBF6100EB0263 /* AppWrapper.swift in Sources */ = {isa = PBXBuildFile; fileRef = E36BCF0B257DBF6100EB0263 /* AppWrapper.swift */; };
		E36BCF0D257DBF6100EB0263 /* AppWrapper.swift in Sources */ = {isa = PBXBuildFile; fileRef = E36BCF0B257DBF6100EB0263 /* AppWrapper.swift */; };
		E39AC44F2501003200980BF6 /* AuthState.swift in Sources */ = {isa = PBXBuildFile; fileRef = E39AC44E2501003200980BF6 /* AuthState.swift */; };
		E39AC4502501003200980BF6 /* AuthState.swift in Sources */ = {isa = PBXBuildFile; fileRef = E39AC44E2501003200980BF6 /* AuthState.swift */; };
		E39D37B2259CA01F00DC797B /* NSTextField.swift in Sources */ = {isa = PBXBuildFile; fileRef = E39D37B1259CA01F00DC797B /* NSTextField.swift */; };
		E39D37BA259CA3F600DC797B /* ProjectAddView.swift in Sources */ = {isa = PBXBuildFile; fileRef = E39D37B9259CA3F600DC797B /* ProjectAddView.swift */; };
		E39D37C2259CD15100DC797B /* ProjectEmpty.swift in Sources */ = {isa = PBXBuildFile; fileRef = E39D37C1259CD15100DC797B /* ProjectEmpty.swift */; };
		E3AC5E092564432F00709D04 /* Chimp.xcdatamodeld in Sources */ = {isa = PBXBuildFile; fileRef = E3D7A5C924F4FFC000D3EB62 /* Chimp.xcdatamodeld */; };
		E3B2E82625AD3B4000C82CD5 /* CoreDataProjectsServices.swift in Sources */ = {isa = PBXBuildFile; fileRef = E3B2E82525AD3B4000C82CD5 /* CoreDataProjectsServices.swift */; };
		E3B2E82725AD3B4000C82CD5 /* CoreDataProjectsServices.swift in Sources */ = {isa = PBXBuildFile; fileRef = E3B2E82525AD3B4000C82CD5 /* CoreDataProjectsServices.swift */; };
		E3D6EF3B24F7D5A700F7A95A /* AppView.swift in Sources */ = {isa = PBXBuildFile; fileRef = E3D6EF3A24F7D5A700F7A95A /* AppView.swift */; };
		E3D6EF3C24F7D5A700F7A95A /* AppView.swift in Sources */ = {isa = PBXBuildFile; fileRef = E3D6EF3A24F7D5A700F7A95A /* AppView.swift */; };
		E3D7A5F524F4FFC200D3EB62 /* Chimp.xcdatamodeld in Sources */ = {isa = PBXBuildFile; fileRef = E3D7A5C924F4FFC000D3EB62 /* Chimp.xcdatamodeld */; };
		E3D7A5F624F4FFC200D3EB62 /* Chimp.xcdatamodeld in Sources */ = {isa = PBXBuildFile; fileRef = E3D7A5C924F4FFC000D3EB62 /* Chimp.xcdatamodeld */; };
		E3D7A5F724F4FFC200D3EB62 /* ChimpApp.swift in Sources */ = {isa = PBXBuildFile; fileRef = E3D7A5CB24F4FFC000D3EB62 /* ChimpApp.swift */; };
		E3D7A5F824F4FFC200D3EB62 /* ChimpApp.swift in Sources */ = {isa = PBXBuildFile; fileRef = E3D7A5CB24F4FFC000D3EB62 /* ChimpApp.swift */; };
		E3D7A5F924F4FFC200D3EB62 /* LoginView.swift in Sources */ = {isa = PBXBuildFile; fileRef = E3D7A5CC24F4FFC000D3EB62 /* LoginView.swift */; };
		E3D7A5FA24F4FFC200D3EB62 /* LoginView.swift in Sources */ = {isa = PBXBuildFile; fileRef = E3D7A5CC24F4FFC000D3EB62 /* LoginView.swift */; };
		E3D7A5FD24F4FFC200D3EB62 /* Assets.xcassets in Resources */ = {isa = PBXBuildFile; fileRef = E3D7A5CE24F4FFC200D3EB62 /* Assets.xcassets */; };
		E3D7A5FE24F4FFC200D3EB62 /* Assets.xcassets in Resources */ = {isa = PBXBuildFile; fileRef = E3D7A5CE24F4FFC200D3EB62 /* Assets.xcassets */; };
		E3D8E87E2564294200F53DFE /* AuthCoreDataTests.swift in Sources */ = {isa = PBXBuildFile; fileRef = E3D8E87D2564294200F53DFE /* AuthCoreDataTests.swift */; };
		E3E60A9824FFD8FF0065B141 /* ContactsState.swift in Sources */ = {isa = PBXBuildFile; fileRef = E3E60A9724FFD8FF0065B141 /* ContactsState.swift */; };
		E3E60A9924FFD8FF0065B141 /* ContactsState.swift in Sources */ = {isa = PBXBuildFile; fileRef = E3E60A9724FFD8FF0065B141 /* ContactsState.swift */; };
		E3E60A9B24FFD9780065B141 /* Contact.swift in Sources */ = {isa = PBXBuildFile; fileRef = E3E60A9A24FFD9780065B141 /* Contact.swift */; };
		E3E60AA224FFF4430065B141 /* Profile.swift in Sources */ = {isa = PBXBuildFile; fileRef = E3EFD99624FA5CF8002E336F /* Profile.swift */; };
		E3E60AA324FFF4430065B141 /* Contact.swift in Sources */ = {isa = PBXBuildFile; fileRef = E3E60A9A24FFD9780065B141 /* Contact.swift */; };
		E3E971B8257DBC4400990B75 /* CoreDataManagerTests.swift in Sources */ = {isa = PBXBuildFile; fileRef = E39A248E2566739C003CCE4A /* CoreDataManagerTests.swift */; };
		E3EFD99724FA5CF8002E336F /* Profile.swift in Sources */ = {isa = PBXBuildFile; fileRef = E3EFD99624FA5CF8002E336F /* Profile.swift */; };
		E3FDF8CB25024977002B7C5F /* ContactListItem.swift in Sources */ = {isa = PBXBuildFile; fileRef = E3FDF8CA25024977002B7C5F /* ContactListItem.swift */; };
		E3FEAEC6257E4E6800EE1A3D /* ContactListItem.swift in Sources */ = {isa = PBXBuildFile; fileRef = E3FDF8CA25024977002B7C5F /* ContactListItem.swift */; };
		E3FEAECF257E5B7500EE1A3D /* ContactListView.swift in Sources */ = {isa = PBXBuildFile; fileRef = E3FEAECE257E5B7500EE1A3D /* ContactListView.swift */; };
		E3FEAED0257E5B7500EE1A3D /* ContactListView.swift in Sources */ = {isa = PBXBuildFile; fileRef = E3FEAECE257E5B7500EE1A3D /* ContactListView.swift */; };
/* End PBXBuildFile section */

/* Begin PBXContainerItemProxy section */
		E3D8E8802564294200F53DFE /* PBXContainerItemProxy */ = {
			isa = PBXContainerItemProxy;
			containerPortal = E3D7A5C424F4FFC000D3EB62 /* Project object */;
			proxyType = 1;
			remoteGlobalIDString = E3D7A5DA24F4FFC200D3EB62;
			remoteInfo = "Chimp (macOS)";
		};
/* End PBXContainerItemProxy section */

/* Begin PBXFileReference section */
		2E6A3D30255E91F400E5CE5D /* SideNavigationView.swift */ = {isa = PBXFileReference; lastKnownFileType = sourcecode.swift; path = SideNavigationView.swift; sourceTree = "<group>"; };
		2E6A3D37255EB3AF00E5CE5D /* NavigationCategory.swift */ = {isa = PBXFileReference; lastKnownFileType = sourcecode.swift; path = NavigationCategory.swift; sourceTree = "<group>"; };
		2E6A3D3E255EB8D600E5CE5D /* ContactAddView.swift */ = {isa = PBXFileReference; lastKnownFileType = sourcecode.swift; path = ContactAddView.swift; sourceTree = "<group>"; };
		2E6A3D56255EB9BD00E5CE5D /* ContactsDetailsWindow.swift */ = {isa = PBXFileReference; lastKnownFileType = sourcecode.swift; path = ContactsDetailsWindow.swift; sourceTree = "<group>"; };
		2E6A3D83255EBB2900E5CE5D /* ContactsView.swift */ = {isa = PBXFileReference; lastKnownFileType = sourcecode.swift; path = ContactsView.swift; sourceTree = "<group>"; };
		2E6A3D8E255EBB5000E5CE5D /* ContactEmpty.swift */ = {isa = PBXFileReference; lastKnownFileType = sourcecode.swift; path = ContactEmpty.swift; sourceTree = "<group>"; };
		2E6A3D95255EBB8800E5CE5D /* ContactDetailView.swift */ = {isa = PBXFileReference; lastKnownFileType = sourcecode.swift; path = ContactDetailView.swift; sourceTree = "<group>"; };
		2E6A3DA0255EC0C800E5CE5D /* ContactVerticalListView.swift */ = {isa = PBXFileReference; lastKnownFileType = sourcecode.swift; path = ContactVerticalListView.swift; sourceTree = "<group>"; };
		2EA83C58255B609C004A9852 /* CommandLineView.swift */ = {isa = PBXFileReference; lastKnownFileType = sourcecode.swift; path = CommandLineView.swift; sourceTree = "<group>"; };
		2EEA70DE255E7F98000C5E75 /* ChimpTextFieldView.swift */ = {isa = PBXFileReference; lastKnownFileType = sourcecode.swift; path = ChimpTextFieldView.swift; sourceTree = "<group>"; };
		5000EA29254454750023A545 /* LoadingView.swift */ = {isa = PBXFileReference; lastKnownFileType = sourcecode.swift; path = LoadingView.swift; sourceTree = "<group>"; };
		500E2FDB253F6A7A005B347D /* AuthErrors.swift */ = {isa = PBXFileReference; lastKnownFileType = sourcecode.swift; path = AuthErrors.swift; sourceTree = "<group>"; };
		50327F292568093200B583F4 /* ChimpPrimaryButton.swift */ = {isa = PBXFileReference; lastKnownFileType = sourcecode.swift; path = ChimpPrimaryButton.swift; sourceTree = "<group>"; };
		50327F312568176200B583F4 /* ChimpColors.swift */ = {isa = PBXFileReference; lastKnownFileType = sourcecode.swift; path = ChimpColors.swift; sourceTree = "<group>"; };
		5044E96625431EC50041E01B /* ChimpDatePicker.swift */ = {isa = PBXFileReference; lastKnownFileType = sourcecode.swift; path = ChimpDatePicker.swift; sourceTree = "<group>"; };
		504AD45625442C0A001BCEEB /* CoreDataManager.swift */ = {isa = PBXFileReference; lastKnownFileType = sourcecode.swift; path = CoreDataManager.swift; sourceTree = "<group>"; };
		504C5D9625459959003BDFA1 /* RequestMaker.swift */ = {isa = PBXFileReference; lastKnownFileType = sourcecode.swift; path = RequestMaker.swift; sourceTree = "<group>"; };
		5090A529253CB8F500A211EE /* Auth.swift */ = {isa = PBXFileReference; lastKnownFileType = sourcecode.swift; path = Auth.swift; sourceTree = "<group>"; };
		5090A53D253CBCFC00A211EE /* AuthService.swift */ = {isa = PBXFileReference; lastKnownFileType = sourcecode.swift; path = AuthService.swift; sourceTree = "<group>"; };
		5090A548253CD0E900A211EE /* AuthRequest.swift */ = {isa = PBXFileReference; lastKnownFileType = sourcecode.swift; path = AuthRequest.swift; sourceTree = "<group>"; };
		509B6EEA253F8253002D165F /* AuthOptions.swift */ = {isa = PBXFileReference; lastKnownFileType = sourcecode.swift; path = AuthOptions.swift; sourceTree = "<group>"; };
		509B6F4C2540B68E002D165F /* ContactService.swift */ = {isa = PBXFileReference; lastKnownFileType = sourcecode.swift; path = ContactService.swift; sourceTree = "<group>"; };
		509B6F572540B6A4002D165F /* ContactRequest.swift */ = {isa = PBXFileReference; lastKnownFileType = sourcecode.swift; path = ContactRequest.swift; sourceTree = "<group>"; };
		509B6F622540B6C4002D165F /* ContactOptions.swift */ = {isa = PBXFileReference; lastKnownFileType = sourcecode.swift; path = ContactOptions.swift; sourceTree = "<group>"; };
		509B6F6D2540BEDC002D165F /* ContactErrors.swift */ = {isa = PBXFileReference; lastKnownFileType = sourcecode.swift; path = ContactErrors.swift; sourceTree = "<group>"; };
		509B6F762540C0A9002D165F /* AccessTokenErrors.swift */ = {isa = PBXFileReference; lastKnownFileType = sourcecode.swift; path = AccessTokenErrors.swift; sourceTree = "<group>"; };
		B5974BD125AFB14A00D80401 /* AccessToken.swift */ = {isa = PBXFileReference; lastKnownFileType = sourcecode.swift; path = AccessToken.swift; sourceTree = "<group>"; };
		B5974BD725AFB5F400D80401 /* AccessTokenRequest.swift */ = {isa = PBXFileReference; lastKnownFileType = sourcecode.swift; path = AccessTokenRequest.swift; sourceTree = "<group>"; };
		B5974BDD25AFB76F00D80401 /* AccessTokenService.swift */ = {isa = PBXFileReference; lastKnownFileType = sourcecode.swift; path = AccessTokenService.swift; sourceTree = "<group>"; };
		B5CDC42A25AF9AB900F2D503 /* AuthHelper.swift */ = {isa = PBXFileReference; lastKnownFileType = sourcecode.swift; path = AuthHelper.swift; sourceTree = "<group>"; };
		E31970DE259A452300E61794 /* Project.swift */ = {isa = PBXFileReference; lastKnownFileType = sourcecode.swift; path = Project.swift; sourceTree = "<group>"; };
		E31970E4259A46B900E61794 /* ProjectListItem.swift */ = {isa = PBXFileReference; lastKnownFileType = sourcecode.swift; path = ProjectListItem.swift; sourceTree = "<group>"; };
		E32CC70E257D30F70040E43B /* Info.plist */ = {isa = PBXFileReference; fileEncoding = 4; lastKnownFileType = text.plist.xml; path = Info.plist; sourceTree = "<group>"; };
		E32F01CE257C14540069DB4D /* ContactTagView.swift */ = {isa = PBXFileReference; lastKnownFileType = sourcecode.swift; path = ContactTagView.swift; sourceTree = "<group>"; };
		E32F01E0257C19D70069DB4D /* CommandLineRowView.swift */ = {isa = PBXFileReference; lastKnownFileType = sourcecode.swift; path = CommandLineRowView.swift; sourceTree = "<group>"; };
		E32F01F2257C1D220069DB4D /* SideNavigationRow.swift */ = {isa = PBXFileReference; lastKnownFileType = sourcecode.swift; path = SideNavigationRow.swift; sourceTree = "<group>"; };
		E33B4DB8257DF56A000FCE79 /* CoreDataContactsServices.swift */ = {isa = PBXFileReference; lastKnownFileType = sourcecode.swift; path = CoreDataContactsServices.swift; sourceTree = "<group>"; };
		E33B4DC1257DFDB1000FCE79 /* CoreDataErrros.swift */ = {isa = PBXFileReference; lastKnownFileType = sourcecode.swift; path = CoreDataErrros.swift; sourceTree = "<group>"; };
		E35206EB2599D5DF006D50E8 /* ProjectsView.swift */ = {isa = PBXFileReference; lastKnownFileType = sourcecode.swift; path = ProjectsView.swift; sourceTree = "<group>"; };
		E35206F12599D945006D50E8 /* ProjectListView.swift */ = {isa = PBXFileReference; lastKnownFileType = sourcecode.swift; path = ProjectListView.swift; sourceTree = "<group>"; };
		E35207032599DAFE006D50E8 /* ProjectsState.swift */ = {isa = PBXFileReference; lastKnownFileType = sourcecode.swift; path = ProjectsState.swift; sourceTree = "<group>"; };
		E352070C2599DD6D006D50E8 /* ProjectDetailView.swift */ = {isa = PBXFileReference; lastKnownFileType = sourcecode.swift; path = ProjectDetailView.swift; sourceTree = "<group>"; };
		E360BAED256528CE0019C0A6 /* ContactsStateTests.swift */ = {isa = PBXFileReference; lastKnownFileType = sourcecode.swift; path = ContactsStateTests.swift; sourceTree = "<group>"; };
		E36BCF0B257DBF6100EB0263 /* AppWrapper.swift */ = {isa = PBXFileReference; lastKnownFileType = sourcecode.swift; path = AppWrapper.swift; sourceTree = "<group>"; };
		E39A248E2566739C003CCE4A /* CoreDataManagerTests.swift */ = {isa = PBXFileReference; lastKnownFileType = sourcecode.swift; path = CoreDataManagerTests.swift; sourceTree = "<group>"; };
		E39AC44E2501003200980BF6 /* AuthState.swift */ = {isa = PBXFileReference; lastKnownFileType = sourcecode.swift; path = AuthState.swift; sourceTree = "<group>"; };
		E39D37B1259CA01F00DC797B /* NSTextField.swift */ = {isa = PBXFileReference; lastKnownFileType = sourcecode.swift; path = NSTextField.swift; sourceTree = "<group>"; };
		E39D37B9259CA3F600DC797B /* ProjectAddView.swift */ = {isa = PBXFileReference; lastKnownFileType = sourcecode.swift; path = ProjectAddView.swift; sourceTree = "<group>"; };
		E39D37C1259CD15100DC797B /* ProjectEmpty.swift */ = {isa = PBXFileReference; lastKnownFileType = sourcecode.swift; path = ProjectEmpty.swift; sourceTree = "<group>"; };
		E3B2E82525AD3B4000C82CD5 /* CoreDataProjectsServices.swift */ = {isa = PBXFileReference; lastKnownFileType = sourcecode.swift; path = CoreDataProjectsServices.swift; sourceTree = "<group>"; };
		E3D6EF3A24F7D5A700F7A95A /* AppView.swift */ = {isa = PBXFileReference; lastKnownFileType = sourcecode.swift; path = AppView.swift; sourceTree = "<group>"; };
		E3D7A5CA24F4FFC000D3EB62 /* Shared.xcdatamodel */ = {isa = PBXFileReference; lastKnownFileType = wrapper.xcdatamodel; path = Shared.xcdatamodel; sourceTree = "<group>"; };
		E3D7A5CB24F4FFC000D3EB62 /* ChimpApp.swift */ = {isa = PBXFileReference; lastKnownFileType = sourcecode.swift; path = ChimpApp.swift; sourceTree = "<group>"; };
		E3D7A5CC24F4FFC000D3EB62 /* LoginView.swift */ = {isa = PBXFileReference; lastKnownFileType = sourcecode.swift; path = LoginView.swift; sourceTree = "<group>"; };
		E3D7A5CE24F4FFC200D3EB62 /* Assets.xcassets */ = {isa = PBXFileReference; lastKnownFileType = folder.assetcatalog; path = Assets.xcassets; sourceTree = "<group>"; };
		E3D7A5D324F4FFC200D3EB62 /* Chimp.app */ = {isa = PBXFileReference; explicitFileType = wrapper.application; includeInIndex = 0; path = Chimp.app; sourceTree = BUILT_PRODUCTS_DIR; };
		E3D7A5DB24F4FFC200D3EB62 /* Chimp.app */ = {isa = PBXFileReference; explicitFileType = wrapper.application; includeInIndex = 0; path = Chimp.app; sourceTree = BUILT_PRODUCTS_DIR; };
		E3D7A5DD24F4FFC200D3EB62 /* Info.plist */ = {isa = PBXFileReference; lastKnownFileType = text.plist.xml; path = Info.plist; sourceTree = "<group>"; };
		E3D7A5DE24F4FFC200D3EB62 /* macOS.entitlements */ = {isa = PBXFileReference; lastKnownFileType = text.plist.entitlements; path = macOS.entitlements; sourceTree = "<group>"; };
		E3D8E87B2564294200F53DFE /* UnitTests.xctest */ = {isa = PBXFileReference; explicitFileType = wrapper.cfbundle; includeInIndex = 0; path = UnitTests.xctest; sourceTree = BUILT_PRODUCTS_DIR; };
		E3D8E87D2564294200F53DFE /* AuthCoreDataTests.swift */ = {isa = PBXFileReference; lastKnownFileType = sourcecode.swift; path = AuthCoreDataTests.swift; sourceTree = "<group>"; };
		E3D8E87F2564294200F53DFE /* Info.plist */ = {isa = PBXFileReference; lastKnownFileType = text.plist.xml; path = Info.plist; sourceTree = "<group>"; };
		E3E60A9724FFD8FF0065B141 /* ContactsState.swift */ = {isa = PBXFileReference; lastKnownFileType = sourcecode.swift; path = ContactsState.swift; sourceTree = "<group>"; };
		E3E60A9A24FFD9780065B141 /* Contact.swift */ = {isa = PBXFileReference; lastKnownFileType = sourcecode.swift; path = Contact.swift; sourceTree = "<group>"; };
		E3EFD99624FA5CF8002E336F /* Profile.swift */ = {isa = PBXFileReference; lastKnownFileType = sourcecode.swift; path = Profile.swift; sourceTree = "<group>"; };
		E3FDF8CA25024977002B7C5F /* ContactListItem.swift */ = {isa = PBXFileReference; lastKnownFileType = sourcecode.swift; path = ContactListItem.swift; sourceTree = "<group>"; };
		E3FEAECE257E5B7500EE1A3D /* ContactListView.swift */ = {isa = PBXFileReference; lastKnownFileType = sourcecode.swift; path = ContactListView.swift; sourceTree = "<group>"; };
/* End PBXFileReference section */

/* Begin PBXFrameworksBuildPhase section */
		E3D7A5D024F4FFC200D3EB62 /* Frameworks */ = {
			isa = PBXFrameworksBuildPhase;
			buildActionMask = 2147483647;
			files = (
			);
			runOnlyForDeploymentPostprocessing = 0;
		};
		E3D7A5D824F4FFC200D3EB62 /* Frameworks */ = {
			isa = PBXFrameworksBuildPhase;
			buildActionMask = 2147483647;
			files = (
			);
			runOnlyForDeploymentPostprocessing = 0;
		};
		E3D8E8782564294200F53DFE /* Frameworks */ = {
			isa = PBXFrameworksBuildPhase;
			buildActionMask = 2147483647;
			files = (
			);
			runOnlyForDeploymentPostprocessing = 0;
		};
/* End PBXFrameworksBuildPhase section */

/* Begin PBXGroup section */
		2E6A3D55255EB98E00E5CE5D /* ContactsView */ = {
			isa = PBXGroup;
			children = (
				2E6A3D83255EBB2900E5CE5D /* ContactsView.swift */,
				E3FEAECE257E5B7500EE1A3D /* ContactListView.swift */,
				2E6A3D95255EBB8800E5CE5D /* ContactDetailView.swift */,
				2E6A3D3E255EB8D600E5CE5D /* ContactAddView.swift */,
				E3FDF8CA25024977002B7C5F /* ContactListItem.swift */,
				2E6A3D56255EB9BD00E5CE5D /* ContactsDetailsWindow.swift */,
				2E6A3D8E255EBB5000E5CE5D /* ContactEmpty.swift */,
				2E6A3DA0255EC0C800E5CE5D /* ContactVerticalListView.swift */,
				E32F01CE257C14540069DB4D /* ContactTagView.swift */,
			);
			path = ContactsView;
			sourceTree = "<group>";
		};
		500E2FEA253F72E4005B347D /* Auth */ = {
			isa = PBXGroup;
			children = (
				5090A53D253CBCFC00A211EE /* AuthService.swift */,
				500E2FDB253F6A7A005B347D /* AuthErrors.swift */,
				5090A548253CD0E900A211EE /* AuthRequest.swift */,
				509B6EEA253F8253002D165F /* AuthOptions.swift */,
			);
			path = Auth;
			sourceTree = "<group>";
		};
		5090A53C253CBCE400A211EE /* Service */ = {
			isa = PBXGroup;
			children = (
				E3AF5017257BF1EE00417440 /* CoreDataServices */,
				E3AF5016257BF1DF00417440 /* ApiServices */,
			);
			path = Service;
			sourceTree = "<group>";
		};
		509B6F2C2540AE90002D165F /* Contact */ = {
			isa = PBXGroup;
			children = (
				509B6F4C2540B68E002D165F /* ContactService.swift */,
				509B6F572540B6A4002D165F /* ContactRequest.swift */,
				509B6F622540B6C4002D165F /* ContactOptions.swift */,
				509B6F6D2540BEDC002D165F /* ContactErrors.swift */,
			);
			path = Contact;
			sourceTree = "<group>";
		};
		509B6F752540C09A002D165F /* Access Token */ = {
			isa = PBXGroup;
			children = (
				509B6F762540C0A9002D165F /* AccessTokenErrors.swift */,
				B5974BD725AFB5F400D80401 /* AccessTokenRequest.swift */,
				B5974BDD25AFB76F00D80401 /* AccessTokenService.swift */,
			);
			path = "Access Token";
			sourceTree = "<group>";
		};
		B5CDC42925AF9A9200F2D503 /* Helpers */ = {
			isa = PBXGroup;
			children = (
				B5CDC42A25AF9AB900F2D503 /* AuthHelper.swift */,
			);
			path = Helpers;
			sourceTree = "<group>";
		};
		E30045BF257FA9780041467B /* SideNavigation */ = {
			isa = PBXGroup;
			children = (
				2E6A3D30255E91F400E5CE5D /* SideNavigationView.swift */,
				E32F01F2257C1D220069DB4D /* SideNavigationRow.swift */,
			);
			path = SideNavigation;
			sourceTree = "<group>";
		};
		E313862C257FA49900F81B2C /* CommandLine */ = {
			isa = PBXGroup;
			children = (
				2EA83C58255B609C004A9852 /* CommandLineView.swift */,
				E32F01E0257C19D70069DB4D /* CommandLineRowView.swift */,
			);
			path = CommandLine;
			sourceTree = "<group>";
		};
		E32CC70D257D30EE0040E43B /* iOS */ = {
			isa = PBXGroup;
			children = (
				E32CC70E257D30F70040E43B /* Info.plist */,
			);
			name = iOS;
			path = macOS/iOS;
			sourceTree = "<group>";
		};
		E34675D1257AF1EE00EDD6FD /* Screens */ = {
			isa = PBXGroup;
			children = (
				E3D7A5CB24F4FFC000D3EB62 /* ChimpApp.swift */,
				E36BCF0B257DBF6100EB0263 /* AppWrapper.swift */,
				E3D7A5CC24F4FFC000D3EB62 /* LoginView.swift */,
				E3D6EF3A24F7D5A700F7A95A /* AppView.swift */,
			);
			path = Screens;
			sourceTree = "<group>";
		};
		E3467619257BB13100EDD6FD /* ChimpUI */ = {
			isa = PBXGroup;
			children = (
				5044E96625431EC50041E01B /* ChimpDatePicker.swift */,
				2EEA70DE255E7F98000C5E75 /* ChimpTextFieldView.swift */,
				50327F292568093200B583F4 /* ChimpPrimaryButton.swift */,
			);
			path = ChimpUI;
			sourceTree = "<group>";
		};
		E35206B72599D46D006D50E8 /* ProjectsView */ = {
			isa = PBXGroup;
			children = (
				E35206EB2599D5DF006D50E8 /* ProjectsView.swift */,
				E35206F12599D945006D50E8 /* ProjectListView.swift */,
				E352070C2599DD6D006D50E8 /* ProjectDetailView.swift */,
				E31970E4259A46B900E61794 /* ProjectListItem.swift */,
				E39D37B9259CA3F600DC797B /* ProjectAddView.swift */,
				E39D37C1259CD15100DC797B /* ProjectEmpty.swift */,
			);
			path = ProjectsView;
			sourceTree = "<group>";
		};
		E393AD032503FF6A0071D4E3 /* Components */ = {
			isa = PBXGroup;
			children = (
				5000EA29254454750023A545 /* LoadingView.swift */,
				E3467619257BB13100EDD6FD /* ChimpUI */,
				E30045BF257FA9780041467B /* SideNavigation */,
				E35206B72599D46D006D50E8 /* ProjectsView */,
				2E6A3D55255EB98E00E5CE5D /* ContactsView */,
				E313862C257FA49900F81B2C /* CommandLine */,
				E3FEAECA257E5A7600EE1A3D /* Colors */,
				E39D37B0259C9FEC00DC797B /* Extensions */,
			);
			path = Components;
			sourceTree = "<group>";
		};
		E393AD052503FF920071D4E3 /* State */ = {
			isa = PBXGroup;
			children = (
				B5CDC42925AF9A9200F2D503 /* Helpers */,
				E35207032599DAFE006D50E8 /* ProjectsState.swift */,
				E3E60A9724FFD8FF0065B141 /* ContactsState.swift */,
				E39AC44E2501003200980BF6 /* AuthState.swift */,
			);
			path = State;
			sourceTree = "<group>";
		};
		E393AD062503FFA00071D4E3 /* UI */ = {
			isa = PBXGroup;
			children = (
				E34675D1257AF1EE00EDD6FD /* Screens */,
				E393AD032503FF6A0071D4E3 /* Components */,
			);
			path = UI;
			sourceTree = "<group>";
		};
		E393AD072503FFB50071D4E3 /* Model */ = {
			isa = PBXGroup;
			children = (
				5090A529253CB8F500A211EE /* Auth.swift */,
				E3EFD99624FA5CF8002E336F /* Profile.swift */,
				E3E60A9A24FFD9780065B141 /* Contact.swift */,
				2E6A3D37255EB3AF00E5CE5D /* NavigationCategory.swift */,
				E31970DE259A452300E61794 /* Project.swift */,
				B5974BD125AFB14A00D80401 /* AccessToken.swift */,
			);
			path = Model;
			sourceTree = "<group>";
		};
		E39D37B0259C9FEC00DC797B /* Extensions */ = {
			isa = PBXGroup;
			children = (
				E39D37B1259CA01F00DC797B /* NSTextField.swift */,
			);
			path = Extensions;
			sourceTree = "<group>";
		};
		E3AF5016257BF1DF00417440 /* ApiServices */ = {
			isa = PBXGroup;
			children = (
				504C5D9625459959003BDFA1 /* RequestMaker.swift */,
				509B6F752540C09A002D165F /* Access Token */,
				509B6F2C2540AE90002D165F /* Contact */,
				500E2FEA253F72E4005B347D /* Auth */,
			);
			path = ApiServices;
			sourceTree = "<group>";
		};
		E3AF5017257BF1EE00417440 /* CoreDataServices */ = {
			isa = PBXGroup;
			children = (
				504AD45625442C0A001BCEEB /* CoreDataManager.swift */,
				E33B4DB8257DF56A000FCE79 /* CoreDataContactsServices.swift */,
				E33B4DC1257DFDB1000FCE79 /* CoreDataErrros.swift */,
				E3B2E82525AD3B4000C82CD5 /* CoreDataProjectsServices.swift */,
			);
			path = CoreDataServices;
			sourceTree = "<group>";
		};
		E3D7A5C324F4FFC000D3EB62 = {
			isa = PBXGroup;
			children = (
				E3D7A5C824F4FFC000D3EB62 /* Shared */,
				E32CC70D257D30EE0040E43B /* iOS */,
				E3D7A5DC24F4FFC200D3EB62 /* macOS */,
				E3D8E87C2564294200F53DFE /* UnitTests */,
				E3D7A5D424F4FFC200D3EB62 /* Products */,
			);
			sourceTree = "<group>";
		};
		E3D7A5C824F4FFC000D3EB62 /* Shared */ = {
			isa = PBXGroup;
			children = (
				E393AD062503FFA00071D4E3 /* UI */,
				E393AD052503FF920071D4E3 /* State */,
				5090A53C253CBCE400A211EE /* Service */,
				E393AD072503FFB50071D4E3 /* Model */,
				E3D7A5CE24F4FFC200D3EB62 /* Assets.xcassets */,
				E3D7A5C924F4FFC000D3EB62 /* Chimp.xcdatamodeld */,
			);
			path = Shared;
			sourceTree = "<group>";
		};
		E3D7A5D424F4FFC200D3EB62 /* Products */ = {
			isa = PBXGroup;
			children = (
				E3D7A5D324F4FFC200D3EB62 /* Chimp.app */,
				E3D7A5DB24F4FFC200D3EB62 /* Chimp.app */,
				E3D8E87B2564294200F53DFE /* UnitTests.xctest */,
			);
			name = Products;
			sourceTree = "<group>";
		};
		E3D7A5DC24F4FFC200D3EB62 /* macOS */ = {
			isa = PBXGroup;
			children = (
				E3D7A5DD24F4FFC200D3EB62 /* Info.plist */,
				E3D7A5DE24F4FFC200D3EB62 /* macOS.entitlements */,
			);
			path = macOS;
			sourceTree = "<group>";
		};
		E3D8E87C2564294200F53DFE /* UnitTests */ = {
			isa = PBXGroup;
			children = (
				E39A248E2566739C003CCE4A /* CoreDataManagerTests.swift */,
				E360BAED256528CE0019C0A6 /* ContactsStateTests.swift */,
				E3D8E87D2564294200F53DFE /* AuthCoreDataTests.swift */,
				E3D8E87F2564294200F53DFE /* Info.plist */,
			);
			name = UnitTests;
			path = macOS/UnitTests;
			sourceTree = "<group>";
		};
		E3FEAECA257E5A7600EE1A3D /* Colors */ = {
			isa = PBXGroup;
			children = (
				50327F312568176200B583F4 /* ChimpColors.swift */,
			);
			path = Colors;
			sourceTree = "<group>";
		};
/* End PBXGroup section */

/* Begin PBXNativeTarget section */
		E3D7A5D224F4FFC200D3EB62 /* Chimp (iOS) */ = {
			isa = PBXNativeTarget;
			buildConfigurationList = E3D7A60124F4FFC200D3EB62 /* Build configuration list for PBXNativeTarget "Chimp (iOS)" */;
			buildPhases = (
				E3D7A5CF24F4FFC200D3EB62 /* Sources */,
				E3D7A5D024F4FFC200D3EB62 /* Frameworks */,
				E3D7A5D124F4FFC200D3EB62 /* Resources */,
			);
			buildRules = (
			);
			dependencies = (
			);
			name = "Chimp (iOS)";
			productName = "Chimp (iOS)";
			productReference = E3D7A5D324F4FFC200D3EB62 /* Chimp.app */;
			productType = "com.apple.product-type.application";
		};
		E3D7A5DA24F4FFC200D3EB62 /* Chimp (macOS) */ = {
			isa = PBXNativeTarget;
			buildConfigurationList = E3D7A60424F4FFC200D3EB62 /* Build configuration list for PBXNativeTarget "Chimp (macOS)" */;
			buildPhases = (
				E3D7A5D724F4FFC200D3EB62 /* Sources */,
				E3D7A5D824F4FFC200D3EB62 /* Frameworks */,
				E3D7A5D924F4FFC200D3EB62 /* Resources */,
			);
			buildRules = (
			);
			dependencies = (
			);
			name = "Chimp (macOS)";
			productName = "Chimp (macOS)";
			productReference = E3D7A5DB24F4FFC200D3EB62 /* Chimp.app */;
			productType = "com.apple.product-type.application";
		};
		E3D8E87A2564294200F53DFE /* UnitTests */ = {
			isa = PBXNativeTarget;
			buildConfigurationList = E3D8E8842564294200F53DFE /* Build configuration list for PBXNativeTarget "UnitTests" */;
			buildPhases = (
				E3D8E8772564294200F53DFE /* Sources */,
				E3D8E8782564294200F53DFE /* Frameworks */,
				E3D8E8792564294200F53DFE /* Resources */,
			);
			buildRules = (
			);
			dependencies = (
				E3D8E8812564294200F53DFE /* PBXTargetDependency */,
			);
			name = UnitTests;
			productName = "Tests macOS Unit";
			productReference = E3D8E87B2564294200F53DFE /* UnitTests.xctest */;
			productType = "com.apple.product-type.bundle.unit-test";
		};
/* End PBXNativeTarget section */

/* Begin PBXProject section */
		E3D7A5C424F4FFC000D3EB62 /* Project object */ = {
			isa = PBXProject;
			attributes = {
				LastSwiftUpdateCheck = 1220;
				LastUpgradeCheck = 1220;
				TargetAttributes = {
					E3D7A5D224F4FFC200D3EB62 = {
						CreatedOnToolsVersion = 12.0;
					};
					E3D7A5DA24F4FFC200D3EB62 = {
						CreatedOnToolsVersion = 12.0;
					};
					E3D8E87A2564294200F53DFE = {
						CreatedOnToolsVersion = 12.2;
						TestTargetID = E3D7A5DA24F4FFC200D3EB62;
					};
				};
			};
			buildConfigurationList = E3D7A5C724F4FFC000D3EB62 /* Build configuration list for PBXProject "Chimp" */;
			compatibilityVersion = "Xcode 9.3";
			developmentRegion = en;
			hasScannedForEncodings = 0;
			knownRegions = (
				en,
				Base,
			);
			mainGroup = E3D7A5C324F4FFC000D3EB62;
			productRefGroup = E3D7A5D424F4FFC200D3EB62 /* Products */;
			projectDirPath = "";
			projectRoot = "";
			targets = (
				E3D7A5D224F4FFC200D3EB62 /* Chimp (iOS) */,
				E3D7A5DA24F4FFC200D3EB62 /* Chimp (macOS) */,
				E3D8E87A2564294200F53DFE /* UnitTests */,
			);
		};
/* End PBXProject section */

/* Begin PBXResourcesBuildPhase section */
		E3D7A5D124F4FFC200D3EB62 /* Resources */ = {
			isa = PBXResourcesBuildPhase;
			buildActionMask = 2147483647;
			files = (
				E3D7A5FD24F4FFC200D3EB62 /* Assets.xcassets in Resources */,
				E32CC70F257D30F70040E43B /* Info.plist in Resources */,
			);
			runOnlyForDeploymentPostprocessing = 0;
		};
		E3D7A5D924F4FFC200D3EB62 /* Resources */ = {
			isa = PBXResourcesBuildPhase;
			buildActionMask = 2147483647;
			files = (
				E3D7A5FE24F4FFC200D3EB62 /* Assets.xcassets in Resources */,
			);
			runOnlyForDeploymentPostprocessing = 0;
		};
		E3D8E8792564294200F53DFE /* Resources */ = {
			isa = PBXResourcesBuildPhase;
			buildActionMask = 2147483647;
			files = (
			);
			runOnlyForDeploymentPostprocessing = 0;
		};
/* End PBXResourcesBuildPhase section */

/* Begin PBXSourcesBuildPhase section */
		E3D7A5CF24F4FFC200D3EB62 /* Sources */ = {
			isa = PBXSourcesBuildPhase;
			buildActionMask = 2147483647;
			files = (
				E3D7A5F524F4FFC200D3EB62 /* Chimp.xcdatamodeld in Sources */,
				E35207042599DAFE006D50E8 /* ProjectsState.swift in Sources */,
				504AD45725442C0A001BCEEB /* CoreDataManager.swift in Sources */,
				509B6F582540B6A4002D165F /* ContactRequest.swift in Sources */,
				E33B4DB9257DF56A000FCE79 /* CoreDataContactsServices.swift in Sources */,
				B5CDC42B25AF9AB900F2D503 /* AuthHelper.swift in Sources */,
				2E6A3DA1255EC0C800E5CE5D /* ContactVerticalListView.swift in Sources */,
				E3E60A9824FFD8FF0065B141 /* ContactsState.swift in Sources */,
				E31970DF259A452300E61794 /* Project.swift in Sources */,
				E352070D2599DD6D006D50E8 /* ProjectDetailView.swift in Sources */,
				5090A549253CD0E900A211EE /* AuthRequest.swift in Sources */,
				B5974BD225AFB14A00D80401 /* AccessToken.swift in Sources */,
				E32F01E1257C19D70069DB4D /* CommandLineRowView.swift in Sources */,
				E3E60A9B24FFD9780065B141 /* Contact.swift in Sources */,
				2EEA70DF255E7F98000C5E75 /* ChimpTextFieldView.swift in Sources */,
				2E6A3D84255EBB2900E5CE5D /* ContactsView.swift in Sources */,
				2E6A3D96255EBB8800E5CE5D /* ContactDetailView.swift in Sources */,
				2E6A3D8F255EBB5000E5CE5D /* ContactEmpty.swift in Sources */,
				2E6A3D31255E91F400E5CE5D /* SideNavigationView.swift in Sources */,
				509B6EEB253F8253002D165F /* AuthOptions.swift in Sources */,
				E31970E5259A46B900E61794 /* ProjectListItem.swift in Sources */,
				E3FEAECF257E5B7500EE1A3D /* ContactListView.swift in Sources */,
				50327F322568176200B583F4 /* ChimpColors.swift in Sources */,
				2E6A3D3F255EB8D600E5CE5D /* ContactAddView.swift in Sources */,
				509B6F4D2540B68E002D165F /* ContactService.swift in Sources */,
				509B6F6E2540BEDC002D165F /* ContactErrors.swift in Sources */,
				5000EA2A254454750023A545 /* LoadingView.swift in Sources */,
				2E6A3D38255EB3AF00E5CE5D /* NavigationCategory.swift in Sources */,
				E39AC44F2501003200980BF6 /* AuthState.swift in Sources */,
				E35206EC2599D5DF006D50E8 /* ProjectsView.swift in Sources */,
				E3D6EF3B24F7D5A700F7A95A /* AppView.swift in Sources */,
				50327F2A2568093200B583F4 /* ChimpPrimaryButton.swift in Sources */,
				2EA83C59255B609C004A9852 /* CommandLineView.swift in Sources */,
				B5974BDE25AFB76F00D80401 /* AccessTokenService.swift in Sources */,
				2E6A3D57255EB9BD00E5CE5D /* ContactsDetailsWindow.swift in Sources */,
				E36BCF0C257DBF6100EB0263 /* AppWrapper.swift in Sources */,
				E32F01F3257C1D220069DB4D /* SideNavigationRow.swift in Sources */,
				E3D7A5F724F4FFC200D3EB62 /* ChimpApp.swift in Sources */,
				E33B4DC2257DFDB1000FCE79 /* CoreDataErrros.swift in Sources */,
				E3D7A5F924F4FFC200D3EB62 /* LoginView.swift in Sources */,
				B5974BD825AFB5F400D80401 /* AccessTokenRequest.swift in Sources */,
				509B6F632540B6C4002D165F /* ContactOptions.swift in Sources */,
				5090A52A253CB8F500A211EE /* Auth.swift in Sources */,
				504C5D9725459959003BDFA1 /* RequestMaker.swift in Sources */,
				E3EFD99724FA5CF8002E336F /* Profile.swift in Sources */,
				E3B2E82625AD3B4000C82CD5 /* CoreDataProjectsServices.swift in Sources */,
				5090A53E253CBCFC00A211EE /* AuthService.swift in Sources */,
				E35206F22599D945006D50E8 /* ProjectListView.swift in Sources */,
				E3FDF8CB25024977002B7C5F /* ContactListItem.swift in Sources */,
				5044E96725431EC50041E01B /* ChimpDatePicker.swift in Sources */,
				509B6F772540C0A9002D165F /* AccessTokenErrors.swift in Sources */,
				500E2FDC253F6A7A005B347D /* AuthErrors.swift in Sources */,
				E32F01CF257C14540069DB4D /* ContactTagView.swift in Sources */,
			);
			runOnlyForDeploymentPostprocessing = 0;
		};
		E3D7A5D724F4FFC200D3EB62 /* Sources */ = {
			isa = PBXSourcesBuildPhase;
			buildActionMask = 2147483647;
			files = (
				2E6A3D90255EBB5000E5CE5D /* ContactEmpty.swift in Sources */,
				E35207052599DAFE006D50E8 /* ProjectsState.swift in Sources */,
				E3D7A5F624F4FFC200D3EB62 /* Chimp.xcdatamodeld in Sources */,
				2EA83C5E255B609F004A9852 /* CommandLineView.swift in Sources */,
				50327F332568176200B583F4 /* ChimpColors.swift in Sources */,
				509B6F782540C0A9002D165F /* AccessTokenErrors.swift in Sources */,
				509B6F6F2540BEDC002D165F /* ContactErrors.swift in Sources */,
				E31970E0259A452300E61794 /* Project.swift in Sources */,
				E352070E2599DD6D006D50E8 /* ProjectDetailView.swift in Sources */,
				5090A54A253CD0E900A211EE /* AuthRequest.swift in Sources */,
				5090A52B253CB8F500A211EE /* Auth.swift in Sources */,
				5044E96825431EC50041E01B /* ChimpDatePicker.swift in Sources */,
				2EEA70E0255E7F98000C5E75 /* ChimpTextFieldView.swift in Sources */,
				2E6A3D97255EBB8800E5CE5D /* ContactDetailView.swift in Sources */,
				E3B2E82725AD3B4000C82CD5 /* CoreDataProjectsServices.swift in Sources */,
				E32F01D0257C14540069DB4D /* ContactTagView.swift in Sources */,
				50327F2B2568093200B583F4 /* ChimpPrimaryButton.swift in Sources */,
				5090A53F253CBCFC00A211EE /* AuthService.swift in Sources */,
				E3E60AA324FFF4430065B141 /* Contact.swift in Sources */,
				E31970E6259A46B900E61794 /* ProjectListItem.swift in Sources */,
				E3FEAED0257E5B7500EE1A3D /* ContactListView.swift in Sources */,
				E36BCF0D257DBF6100EB0263 /* AppWrapper.swift in Sources */,
				E32F01E2257C19D70069DB4D /* CommandLineRowView.swift in Sources */,
				509B6EEC253F8253002D165F /* AuthOptions.swift in Sources */,
				E3FEAEC6257E4E6800EE1A3D /* ContactListItem.swift in Sources */,
				500E2FE1253F7161005B347D /* AuthErrors.swift in Sources */,
				E39D37C2259CD15100DC797B /* ProjectEmpty.swift in Sources */,
				509B6F4E2540B68E002D165F /* ContactService.swift in Sources */,
				2E6A3D40255EB8D600E5CE5D /* ContactAddView.swift in Sources */,
				E35206ED2599D5DF006D50E8 /* ProjectsView.swift in Sources */,
				E3D6EF3C24F7D5A700F7A95A /* AppView.swift in Sources */,
				2E6A3D32255E91F400E5CE5D /* SideNavigationView.swift in Sources */,
				E39D37BA259CA3F600DC797B /* ProjectAddView.swift in Sources */,
				B5974BD925AFB5F400D80401 /* AccessTokenRequest.swift in Sources */,
				509B6F642540B6C4002D165F /* ContactOptions.swift in Sources */,
				2E6A3D85255EBB2900E5CE5D /* ContactsView.swift in Sources */,
				E39AC4502501003200980BF6 /* AuthState.swift in Sources */,
				E3E60AA224FFF4430065B141 /* Profile.swift in Sources */,
				E3D7A5F824F4FFC200D3EB62 /* ChimpApp.swift in Sources */,
				B5974BDF25AFB76F00D80401 /* AccessTokenService.swift in Sources */,
				B5CDC42C25AF9AB900F2D503 /* AuthHelper.swift in Sources */,
				2E6A3D58255EB9BD00E5CE5D /* ContactsDetailsWindow.swift in Sources */,
				E32F01F4257C1D220069DB4D /* SideNavigationRow.swift in Sources */,
				E39D37B2259CA01F00DC797B /* NSTextField.swift in Sources */,
				504AD45825442C0A001BCEEB /* CoreDataManager.swift in Sources */,
				E3E60A9924FFD8FF0065B141 /* ContactsState.swift in Sources */,
				E3D7A5FA24F4FFC200D3EB62 /* LoginView.swift in Sources */,
				509B6F592540B6A4002D165F /* ContactRequest.swift in Sources */,
				E33B4DBA257DF56B000FCE79 /* CoreDataContactsServices.swift in Sources */,
				B5974BD325AFB14A00D80401 /* AccessToken.swift in Sources */,
				E35206F32599D945006D50E8 /* ProjectListView.swift in Sources */,
				2E6A3D39255EB3AF00E5CE5D /* NavigationCategory.swift in Sources */,
				504C5D9825459959003BDFA1 /* RequestMaker.swift in Sources */,
				2E6A3DA2255EC0C800E5CE5D /* ContactVerticalListView.swift in Sources */,
				5000EA2B254454750023A545 /* LoadingView.swift in Sources */,
				E33B4DC3257DFDB1000FCE79 /* CoreDataErrros.swift in Sources */,
			);
			runOnlyForDeploymentPostprocessing = 0;
		};
		E3D8E8772564294200F53DFE /* Sources */ = {
			isa = PBXSourcesBuildPhase;
			buildActionMask = 2147483647;
			files = (
				E3D8E87E2564294200F53DFE /* AuthCoreDataTests.swift in Sources */,
				E360BAEE256528CE0019C0A6 /* ContactsStateTests.swift in Sources */,
				E3E971B8257DBC4400990B75 /* CoreDataManagerTests.swift in Sources */,
				E3AC5E092564432F00709D04 /* Chimp.xcdatamodeld in Sources */,
			);
			runOnlyForDeploymentPostprocessing = 0;
		};
/* End PBXSourcesBuildPhase section */

/* Begin PBXTargetDependency section */
		E3D8E8812564294200F53DFE /* PBXTargetDependency */ = {
			isa = PBXTargetDependency;
			target = E3D7A5DA24F4FFC200D3EB62 /* Chimp (macOS) */;
			targetProxy = E3D8E8802564294200F53DFE /* PBXContainerItemProxy */;
		};
/* End PBXTargetDependency section */

/* Begin XCBuildConfiguration section */
		E3D7A5FF24F4FFC200D3EB62 /* Debug */ = {
			isa = XCBuildConfiguration;
			buildSettings = {
				ALWAYS_SEARCH_USER_PATHS = NO;
				CLANG_ANALYZER_NONNULL = YES;
				CLANG_ANALYZER_NUMBER_OBJECT_CONVERSION = YES_AGGRESSIVE;
				CLANG_CXX_LANGUAGE_STANDARD = "gnu++14";
				CLANG_CXX_LIBRARY = "libc++";
				CLANG_ENABLE_MODULES = YES;
				CLANG_ENABLE_OBJC_ARC = YES;
				CLANG_ENABLE_OBJC_WEAK = YES;
				CLANG_WARN_BLOCK_CAPTURE_AUTORELEASING = YES;
				CLANG_WARN_BOOL_CONVERSION = YES;
				CLANG_WARN_COMMA = YES;
				CLANG_WARN_CONSTANT_CONVERSION = YES;
				CLANG_WARN_DEPRECATED_OBJC_IMPLEMENTATIONS = YES;
				CLANG_WARN_DIRECT_OBJC_ISA_USAGE = YES_ERROR;
				CLANG_WARN_DOCUMENTATION_COMMENTS = YES;
				CLANG_WARN_EMPTY_BODY = YES;
				CLANG_WARN_ENUM_CONVERSION = YES;
				CLANG_WARN_INFINITE_RECURSION = YES;
				CLANG_WARN_INT_CONVERSION = YES;
				CLANG_WARN_NON_LITERAL_NULL_CONVERSION = YES;
				CLANG_WARN_OBJC_IMPLICIT_RETAIN_SELF = YES;
				CLANG_WARN_OBJC_LITERAL_CONVERSION = YES;
				CLANG_WARN_OBJC_ROOT_CLASS = YES_ERROR;
				CLANG_WARN_QUOTED_INCLUDE_IN_FRAMEWORK_HEADER = YES;
				CLANG_WARN_RANGE_LOOP_ANALYSIS = YES;
				CLANG_WARN_STRICT_PROTOTYPES = YES;
				CLANG_WARN_SUSPICIOUS_MOVE = YES;
				CLANG_WARN_UNGUARDED_AVAILABILITY = YES_AGGRESSIVE;
				CLANG_WARN_UNREACHABLE_CODE = YES;
				CLANG_WARN__DUPLICATE_METHOD_MATCH = YES;
				COPY_PHASE_STRIP = NO;
				DEBUG_INFORMATION_FORMAT = dwarf;
				DEVELOPMENT_TEAM = Q33X652UWU;
				ENABLE_STRICT_OBJC_MSGSEND = YES;
				ENABLE_TESTABILITY = YES;
				GCC_C_LANGUAGE_STANDARD = gnu11;
				GCC_DYNAMIC_NO_PIC = NO;
				GCC_NO_COMMON_BLOCKS = YES;
				GCC_OPTIMIZATION_LEVEL = 0;
				GCC_PREPROCESSOR_DEFINITIONS = (
					"DEBUG=1",
					"$(inherited)",
				);
				GCC_WARN_64_TO_32_BIT_CONVERSION = YES;
				GCC_WARN_ABOUT_RETURN_TYPE = YES_ERROR;
				GCC_WARN_UNDECLARED_SELECTOR = YES;
				GCC_WARN_UNINITIALIZED_AUTOS = YES_AGGRESSIVE;
				GCC_WARN_UNUSED_FUNCTION = YES;
				GCC_WARN_UNUSED_VARIABLE = YES;
				MTL_ENABLE_DEBUG_INFO = INCLUDE_SOURCE;
				MTL_FAST_MATH = YES;
				ONLY_ACTIVE_ARCH = YES;
				SWIFT_ACTIVE_COMPILATION_CONDITIONS = DEBUG;
				SWIFT_OPTIMIZATION_LEVEL = "-Onone";
			};
			name = Debug;
		};
		E3D7A60024F4FFC200D3EB62 /* Release */ = {
			isa = XCBuildConfiguration;
			buildSettings = {
				ALWAYS_SEARCH_USER_PATHS = NO;
				CLANG_ANALYZER_NONNULL = YES;
				CLANG_ANALYZER_NUMBER_OBJECT_CONVERSION = YES_AGGRESSIVE;
				CLANG_CXX_LANGUAGE_STANDARD = "gnu++14";
				CLANG_CXX_LIBRARY = "libc++";
				CLANG_ENABLE_MODULES = YES;
				CLANG_ENABLE_OBJC_ARC = YES;
				CLANG_ENABLE_OBJC_WEAK = YES;
				CLANG_WARN_BLOCK_CAPTURE_AUTORELEASING = YES;
				CLANG_WARN_BOOL_CONVERSION = YES;
				CLANG_WARN_COMMA = YES;
				CLANG_WARN_CONSTANT_CONVERSION = YES;
				CLANG_WARN_DEPRECATED_OBJC_IMPLEMENTATIONS = YES;
				CLANG_WARN_DIRECT_OBJC_ISA_USAGE = YES_ERROR;
				CLANG_WARN_DOCUMENTATION_COMMENTS = YES;
				CLANG_WARN_EMPTY_BODY = YES;
				CLANG_WARN_ENUM_CONVERSION = YES;
				CLANG_WARN_INFINITE_RECURSION = YES;
				CLANG_WARN_INT_CONVERSION = YES;
				CLANG_WARN_NON_LITERAL_NULL_CONVERSION = YES;
				CLANG_WARN_OBJC_IMPLICIT_RETAIN_SELF = YES;
				CLANG_WARN_OBJC_LITERAL_CONVERSION = YES;
				CLANG_WARN_OBJC_ROOT_CLASS = YES_ERROR;
				CLANG_WARN_QUOTED_INCLUDE_IN_FRAMEWORK_HEADER = YES;
				CLANG_WARN_RANGE_LOOP_ANALYSIS = YES;
				CLANG_WARN_STRICT_PROTOTYPES = YES;
				CLANG_WARN_SUSPICIOUS_MOVE = YES;
				CLANG_WARN_UNGUARDED_AVAILABILITY = YES_AGGRESSIVE;
				CLANG_WARN_UNREACHABLE_CODE = YES;
				CLANG_WARN__DUPLICATE_METHOD_MATCH = YES;
				COPY_PHASE_STRIP = NO;
				DEBUG_INFORMATION_FORMAT = "dwarf-with-dsym";
				DEVELOPMENT_TEAM = Q33X652UWU;
				ENABLE_NS_ASSERTIONS = NO;
				ENABLE_STRICT_OBJC_MSGSEND = YES;
				GCC_C_LANGUAGE_STANDARD = gnu11;
				GCC_NO_COMMON_BLOCKS = YES;
				GCC_WARN_64_TO_32_BIT_CONVERSION = YES;
				GCC_WARN_ABOUT_RETURN_TYPE = YES_ERROR;
				GCC_WARN_UNDECLARED_SELECTOR = YES;
				GCC_WARN_UNINITIALIZED_AUTOS = YES_AGGRESSIVE;
				GCC_WARN_UNUSED_FUNCTION = YES;
				GCC_WARN_UNUSED_VARIABLE = YES;
				MTL_ENABLE_DEBUG_INFO = NO;
				MTL_FAST_MATH = YES;
				SWIFT_COMPILATION_MODE = wholemodule;
				SWIFT_OPTIMIZATION_LEVEL = "-O";
			};
			name = Release;
		};
		E3D7A60224F4FFC200D3EB62 /* Debug */ = {
			isa = XCBuildConfiguration;
			buildSettings = {
				ASSETCATALOG_COMPILER_APPICON_NAME = AppIcon;
				ASSETCATALOG_COMPILER_GLOBAL_ACCENT_COLOR_NAME = AccentColor;
				CODE_SIGN_STYLE = Automatic;
				DEVELOPMENT_TEAM = Q33X652UWU;
				ENABLE_PREVIEWS = YES;
				INFOPLIST_FILE = iOS/Info.plist;
				IPHONEOS_DEPLOYMENT_TARGET = 14.0;
				LD_RUNPATH_SEARCH_PATHS = (
					"$(inherited)",
					"@executable_path/Frameworks",
				);
				PRODUCT_BUNDLE_IDENTIFIER = berlin.chimp.Chimp;
				PRODUCT_NAME = Chimp;
				SDKROOT = iphoneos;
				SWIFT_VERSION = 5.0;
				TARGETED_DEVICE_FAMILY = "1,2";
			};
			name = Debug;
		};
		E3D7A60324F4FFC200D3EB62 /* Release */ = {
			isa = XCBuildConfiguration;
			buildSettings = {
				ASSETCATALOG_COMPILER_APPICON_NAME = AppIcon;
				ASSETCATALOG_COMPILER_GLOBAL_ACCENT_COLOR_NAME = AccentColor;
				CODE_SIGN_STYLE = Automatic;
				DEVELOPMENT_TEAM = Q33X652UWU;
				ENABLE_PREVIEWS = YES;
				INFOPLIST_FILE = iOS/Info.plist;
				IPHONEOS_DEPLOYMENT_TARGET = 14.0;
				LD_RUNPATH_SEARCH_PATHS = (
					"$(inherited)",
					"@executable_path/Frameworks",
				);
				PRODUCT_BUNDLE_IDENTIFIER = berlin.chimp.Chimp;
				PRODUCT_NAME = Chimp;
				SDKROOT = iphoneos;
				SWIFT_VERSION = 5.0;
				TARGETED_DEVICE_FAMILY = "1,2";
				VALIDATE_PRODUCT = YES;
			};
			name = Release;
		};
		E3D7A60524F4FFC200D3EB62 /* Debug */ = {
			isa = XCBuildConfiguration;
			buildSettings = {
				ASSETCATALOG_COMPILER_APPICON_NAME = AppIcon;
				ASSETCATALOG_COMPILER_GLOBAL_ACCENT_COLOR_NAME = AccentColor;
				CODE_SIGN_ENTITLEMENTS = macOS/macOS.entitlements;
				CODE_SIGN_IDENTITY = "Apple Development";
				CODE_SIGN_STYLE = Automatic;
				COMBINE_HIDPI_IMAGES = YES;
				DEVELOPMENT_TEAM = Q33X652UWU;
				ENABLE_HARDENED_RUNTIME = YES;
				ENABLE_PREVIEWS = YES;
				INFOPLIST_FILE = macOS/Info.plist;
				LD_RUNPATH_SEARCH_PATHS = (
					"$(inherited)",
					"@executable_path/../Frameworks",
				);
				MACOSX_DEPLOYMENT_TARGET = 11.0;
				PRODUCT_BUNDLE_IDENTIFIER = berlin.chimp.Chimp;
				PRODUCT_NAME = Chimp;
				SDKROOT = macosx;
				SWIFT_VERSION = 5.0;
			};
			name = Debug;
		};
		E3D7A60624F4FFC200D3EB62 /* Release */ = {
			isa = XCBuildConfiguration;
			buildSettings = {
				ASSETCATALOG_COMPILER_APPICON_NAME = AppIcon;
				ASSETCATALOG_COMPILER_GLOBAL_ACCENT_COLOR_NAME = AccentColor;
				CODE_SIGN_ENTITLEMENTS = macOS/macOS.entitlements;
				CODE_SIGN_IDENTITY = "Apple Development";
				CODE_SIGN_STYLE = Automatic;
				COMBINE_HIDPI_IMAGES = YES;
				DEVELOPMENT_TEAM = Q33X652UWU;
				ENABLE_HARDENED_RUNTIME = YES;
				ENABLE_PREVIEWS = YES;
				INFOPLIST_FILE = macOS/Info.plist;
				LD_RUNPATH_SEARCH_PATHS = (
					"$(inherited)",
					"@executable_path/../Frameworks",
				);
				MACOSX_DEPLOYMENT_TARGET = 11.0;
				PRODUCT_BUNDLE_IDENTIFIER = berlin.chimp.Chimp;
				PRODUCT_NAME = Chimp;
				SDKROOT = macosx;
				SWIFT_VERSION = 5.0;
			};
			name = Release;
		};
		E3D8E8822564294200F53DFE /* Debug */ = {
			isa = XCBuildConfiguration;
			buildSettings = {
				BUNDLE_LOADER = "$(TEST_HOST)";
				CODE_SIGN_STYLE = Automatic;
				COMBINE_HIDPI_IMAGES = YES;
				DEVELOPMENT_TEAM = Q33X652UWU;
				INFOPLIST_FILE = UnitTests/Info.plist;
				LD_RUNPATH_SEARCH_PATHS = (
					"$(inherited)",
					"@executable_path/../Frameworks",
					"@loader_path/../Frameworks",
				);
				MACOSX_DEPLOYMENT_TARGET = 11.0;
				PRODUCT_BUNDLE_IDENTIFIER = "com.chimp.chimp.Tests-macOS-Unit";
				PRODUCT_NAME = "$(TARGET_NAME)";
				SDKROOT = macosx;
				SWIFT_VERSION = 5.0;
				TEST_HOST = "$(BUILT_PRODUCTS_DIR)/Chimp.app/Contents/MacOS/Chimp";
			};
			name = Debug;
		};
		E3D8E8832564294200F53DFE /* Release */ = {
			isa = XCBuildConfiguration;
			buildSettings = {
				BUNDLE_LOADER = "$(TEST_HOST)";
				CODE_SIGN_STYLE = Automatic;
				COMBINE_HIDPI_IMAGES = YES;
				DEVELOPMENT_TEAM = Q33X652UWU;
				INFOPLIST_FILE = UnitTests/Info.plist;
				LD_RUNPATH_SEARCH_PATHS = (
					"$(inherited)",
					"@executable_path/../Frameworks",
					"@loader_path/../Frameworks",
				);
				MACOSX_DEPLOYMENT_TARGET = 11.0;
				PRODUCT_BUNDLE_IDENTIFIER = "com.chimp.chimp.Tests-macOS-Unit";
				PRODUCT_NAME = "$(TARGET_NAME)";
				SDKROOT = macosx;
				SWIFT_VERSION = 5.0;
				TEST_HOST = "$(BUILT_PRODUCTS_DIR)/Chimp.app/Contents/MacOS/Chimp";
			};
			name = Release;
		};
/* End XCBuildConfiguration section */

/* Begin XCConfigurationList section */
		E3D7A5C724F4FFC000D3EB62 /* Build configuration list for PBXProject "Chimp" */ = {
			isa = XCConfigurationList;
			buildConfigurations = (
				E3D7A5FF24F4FFC200D3EB62 /* Debug */,
				E3D7A60024F4FFC200D3EB62 /* Release */,
			);
			defaultConfigurationIsVisible = 0;
			defaultConfigurationName = Release;
		};
		E3D7A60124F4FFC200D3EB62 /* Build configuration list for PBXNativeTarget "Chimp (iOS)" */ = {
			isa = XCConfigurationList;
			buildConfigurations = (
				E3D7A60224F4FFC200D3EB62 /* Debug */,
				E3D7A60324F4FFC200D3EB62 /* Release */,
			);
			defaultConfigurationIsVisible = 0;
			defaultConfigurationName = Release;
		};
		E3D7A60424F4FFC200D3EB62 /* Build configuration list for PBXNativeTarget "Chimp (macOS)" */ = {
			isa = XCConfigurationList;
			buildConfigurations = (
				E3D7A60524F4FFC200D3EB62 /* Debug */,
				E3D7A60624F4FFC200D3EB62 /* Release */,
			);
			defaultConfigurationIsVisible = 0;
			defaultConfigurationName = Release;
		};
		E3D8E8842564294200F53DFE /* Build configuration list for PBXNativeTarget "UnitTests" */ = {
			isa = XCConfigurationList;
			buildConfigurations = (
				E3D8E8822564294200F53DFE /* Debug */,
				E3D8E8832564294200F53DFE /* Release */,
			);
			defaultConfigurationIsVisible = 0;
			defaultConfigurationName = Release;
		};
/* End XCConfigurationList section */

/* Begin XCVersionGroup section */
		E3D7A5C924F4FFC000D3EB62 /* Chimp.xcdatamodeld */ = {
			isa = XCVersionGroup;
			children = (
				E3D7A5CA24F4FFC000D3EB62 /* Shared.xcdatamodel */,
			);
			currentVersion = E3D7A5CA24F4FFC000D3EB62 /* Shared.xcdatamodel */;
			path = Chimp.xcdatamodeld;
			sourceTree = "<group>";
			versionGroupType = wrapper.xcdatamodel;
		};
/* End XCVersionGroup section */
	};
	rootObject = E3D7A5C424F4FFC000D3EB62 /* Project object */;
}
